{
  "name": "uebersicht-widgets",
  "version": "1.0.0",
  "lockfileVersion": 2,
  "requires": true,
  "packages": {
    "": {
      "name": "uebersicht-widgets",
      "version": "1.0.0",
      "license": "UNLICENSED",
      "dependencies": {
        "@octokit/types": "6.17.4",
        "@primer/octicons": "14.2.2",
        "anybar": "5.0.0",
        "dotenv": "10.0.0",
        "moment": "2.29.1",
        "node-fetch": "2.6.1"
      },
      "devDependencies": {
        "prettier": "2.3.2",
        "prettier-plugin-organize-imports": "2.2.0",
        "typescript": "4.3.5"
      }
    },
    "node_modules/@octokit/openapi-types": {
      "version": "8.1.4",
      "resolved": "https://registry.npmjs.org/@octokit/openapi-types/-/openapi-types-8.1.4.tgz",
      "integrity": "sha512-NnGr4NNDqO5wjSDJo5nxrGtzZUwoT23YasqK2H4Pav/6vSgeVTxuqCL9Aeh+cWfTxDomj1M4Os5BrXFsvl7qiQ=="
    },
    "node_modules/@octokit/types": {
      "version": "6.17.4",
      "resolved": "https://registry.npmjs.org/@octokit/types/-/types-6.17.4.tgz",
      "integrity": "sha512-Ghk/JC4zC/1al1GwH6p8jVX6pLdypSWmbnx6h79C/yo3DeaDd6MsNsBFlHu22KbkFh+CdcAzFqdP7UdPaPPmmA==",
      "dependencies": {
        "@octokit/openapi-types": "^8.1.4"
      }
    },
    "node_modules/@primer/octicons": {
      "version": "14.2.2",
      "resolved": "https://registry.npmjs.org/@primer/octicons/-/octicons-14.2.2.tgz",
      "integrity": "sha512-EjNTkyrg165PDWJXFtFW/757cnT2wVNJTLQC38FI90S2xazMEs3kKMjlG8vtD3CuF8VR0oQUitwZRUHJbgbc6w==",
      "dependencies": {
        "object-assign": "^4.1.1"
      }
    },
    "node_modules/anybar": {
      "version": "5.0.0",
      "resolved": "https://registry.npmjs.org/anybar/-/anybar-5.0.0.tgz",
      "integrity": "sha512-Kjy5BQzIBF5z7lcdY+WGX/09F036cEOQyNcHEi0QrbmHVTdSyxOc/0/ENembLDPuHxXMrYAOXKXdZp3vrF68qQ==",
      "engines": {
        "node": ">=12"
      },
      "funding": {
        "url": "https://github.com/sponsors/sindresorhus"
      }
    },
    "node_modules/dotenv": {
      "version": "10.0.0",
      "resolved": "https://registry.npmjs.org/dotenv/-/dotenv-10.0.0.tgz",
      "integrity": "sha512-rlBi9d8jpv9Sf1klPjNfFAuWDjKLwTIJJ/VxtoTwIR6hnZxcEOQCZg2oIL3MWBYw5GpUDKOEnND7LXTbIpQ03Q==",
      "engines": {
        "node": ">=10"
      }
    },
    "node_modules/moment": {
      "version": "2.29.1",
      "resolved": "https://registry.npmjs.org/moment/-/moment-2.29.1.tgz",
      "integrity": "sha512-kHmoybcPV8Sqy59DwNDY3Jefr64lK/by/da0ViFcuA4DH0vQg5Q6Ze5VimxkfQNSC+Mls/Kx53s7TjP1RhFEDQ==",
      "engines": {
        "node": "*"
      }
    },
    "node_modules/node-fetch": {
      "version": "2.6.1",
      "resolved": "https://registry.npmjs.org/node-fetch/-/node-fetch-2.6.1.tgz",
      "integrity": "sha512-V4aYg89jEoVRxRb2fJdAg8FHvI7cEyYdVAh94HH0UIK8oJxUfkjlDQN9RbMx+bEjP7+ggMiFRprSti032Oipxw==",
      "engines": {
        "node": "4.x || >=6.0.0"
      }
    },
    "node_modules/object-assign": {
      "version": "4.1.1",
      "resolved": "https://registry.npmjs.org/object-assign/-/object-assign-4.1.1.tgz",
      "integrity": "sha1-IQmtx5ZYh8/AXLvUQsrIv7s2CGM=",
      "engines": {
        "node": ">=0.10.0"
      }
    },
    "node_modules/prettier": {
      "version": "2.3.2",
      "resolved": "https://registry.npmjs.org/prettier/-/prettier-2.3.2.tgz",
      "integrity": "sha512-lnJzDfJ66zkMy58OL5/NY5zp70S7Nz6KqcKkXYzn2tMVrNxvbqaBpg7H3qHaLxCJ5lNMsGuM8+ohS7cZrthdLQ==",
      "dev": true,
      "bin": {
        "prettier": "bin-prettier.js"
      },
      "engines": {
        "node": ">=10.13.0"
      }
    },
    "node_modules/prettier-plugin-organize-imports": {
      "version": "2.2.0",
      "resolved": "https://registry.npmjs.org/prettier-plugin-organize-imports/-/prettier-plugin-organize-imports-2.2.0.tgz",
      "integrity": "sha512-2WM3moc/cAPCCsSneYhaL4+mMws0Bypbxz+98wuRyaA7GMokhOECVkQCG7l2hcH+9/4d5NsgZs9yktfwDy4r7A==",
      "dev": true,
      "peerDependencies": {
        "prettier": ">=2.0",
        "typescript": ">=2.9"
      }
    },
    "node_modules/typescript": {
      "version": "4.3.5",
      "resolved": "https://registry.npmjs.org/typescript/-/typescript-4.3.5.tgz",
      "integrity": "sha512-DqQgihaQ9cUrskJo9kIyW/+g0Vxsk8cDtZ52a3NGh0YNTfpUSArXSohyUGnvbPazEPLu398C0UxmKSOrPumUzA==",
      "dev": true,
      "bin": {
        "tsc": "bin/tsc",
        "tsserver": "bin/tsserver"
      },
      "engines": {
        "node": ">=4.2.0"
      }
    }
  },
  "dependencies": {
    "@octokit/openapi-types": {
      "version": "8.1.4",
      "resolved": "https://registry.npmjs.org/@octokit/openapi-types/-/openapi-types-8.1.4.tgz",
      "integrity": "sha512-NnGr4NNDqO5wjSDJo5nxrGtzZUwoT23YasqK2H4Pav/6vSgeVTxuqCL9Aeh+cWfTxDomj1M4Os5BrXFsvl7qiQ=="
    },
    "@octokit/types": {
      "version": "6.17.4",
      "resolved": "https://registry.npmjs.org/@octokit/types/-/types-6.17.4.tgz",
      "integrity": "sha512-Ghk/JC4zC/1al1GwH6p8jVX6pLdypSWmbnx6h79C/yo3DeaDd6MsNsBFlHu22KbkFh+CdcAzFqdP7UdPaPPmmA==",
      "requires": {
        "@octokit/openapi-types": "^8.1.4"
      }
    },
    "@primer/octicons": {
      "version": "14.2.2",
      "resolved": "https://registry.npmjs.org/@primer/octicons/-/octicons-14.2.2.tgz",
      "integrity": "sha512-EjNTkyrg165PDWJXFtFW/757cnT2wVNJTLQC38FI90S2xazMEs3kKMjlG8vtD3CuF8VR0oQUitwZRUHJbgbc6w==",
      "requires": {
        "object-assign": "^4.1.1"
      }
    },
    "anybar": {
      "version": "5.0.0",
      "resolved": "https://registry.npmjs.org/anybar/-/anybar-5.0.0.tgz",
      "integrity": "sha512-Kjy5BQzIBF5z7lcdY+WGX/09F036cEOQyNcHEi0QrbmHVTdSyxOc/0/ENembLDPuHxXMrYAOXKXdZp3vrF68qQ=="
    },
    "dotenv": {
      "version": "10.0.0",
      "resolved": "https://registry.npmjs.org/dotenv/-/dotenv-10.0.0.tgz",
      "integrity": "sha512-rlBi9d8jpv9Sf1klPjNfFAuWDjKLwTIJJ/VxtoTwIR6hnZxcEOQCZg2oIL3MWBYw5GpUDKOEnND7LXTbIpQ03Q=="
    },
    "moment": {
      "version": "2.29.1",
      "resolved": "https://registry.npmjs.org/moment/-/moment-2.29.1.tgz",
      "integrity": "sha512-kHmoybcPV8Sqy59DwNDY3Jefr64lK/by/da0ViFcuA4DH0vQg5Q6Ze5VimxkfQNSC+Mls/Kx53s7TjP1RhFEDQ=="
    },
    "node-fetch": {
      "version": "2.6.1",
      "resolved": "https://registry.npmjs.org/node-fetch/-/node-fetch-2.6.1.tgz",
      "integrity": "sha512-V4aYg89jEoVRxRb2fJdAg8FHvI7cEyYdVAh94HH0UIK8oJxUfkjlDQN9RbMx+bEjP7+ggMiFRprSti032Oipxw=="
    },
    "object-assign": {
      "version": "4.1.1",
      "resolved": "https://registry.npmjs.org/object-assign/-/object-assign-4.1.1.tgz",
      "integrity": "sha1-IQmtx5ZYh8/AXLvUQsrIv7s2CGM="
    },
    "prettier": {
      "version": "2.3.2",
      "resolved": "https://registry.npmjs.org/prettier/-/prettier-2.3.2.tgz",
      "integrity": "sha512-lnJzDfJ66zkMy58OL5/NY5zp70S7Nz6KqcKkXYzn2tMVrNxvbqaBpg7H3qHaLxCJ5lNMsGuM8+ohS7cZrthdLQ==",
      "dev": true
    },
    "prettier-plugin-organize-imports": {
      "version": "2.2.0",
      "resolved": "https://registry.npmjs.org/prettier-plugin-organize-imports/-/prettier-plugin-organize-imports-2.2.0.tgz",
      "integrity": "sha512-2WM3moc/cAPCCsSneYhaL4+mMws0Bypbxz+98wuRyaA7GMokhOECVkQCG7l2hcH+9/4d5NsgZs9yktfwDy4r7A==",
      "dev": true,
      "requires": {}
    },
    "typescript": {
      "version": "4.3.5",
      "resolved": "https://registry.npmjs.org/typescript/-/typescript-4.3.5.tgz",
      "integrity": "sha512-DqQgihaQ9cUrskJo9kIyW/+g0Vxsk8cDtZ52a3NGh0YNTfpUSArXSohyUGnvbPazEPLu398C0UxmKSOrPumUzA==",
      "dev": true
    }
  }
}
